<?xml version="1.0" encoding="utf-8"?>
<Project ToolsVersion="4.0" xmlns="http://schemas.microsoft.com/developer/msbuild/2003">
  <ItemGroup>
    <Filter Include="win32">
      <UniqueIdentifier>{84a8ebd7-7cf0-47f6-b75e-d441df67da40}</UniqueIdentifier>
    </Filter>
    <Filter Include="Classes">
      <UniqueIdentifier>{bb6c862e-70e9-49d9-81b7-3829a6f50471}</UniqueIdentifier>
    </Filter>
    <Filter Include="Classes\3rdplatform">
      <UniqueIdentifier>{100d790e-aa8c-48e0-8745-a79ecd1a40b3}</UniqueIdentifier>
    </Filter>
    <Filter Include="Classes\3rdplatform\C2DXShareSDK">
      <UniqueIdentifier>{3e1fa688-e6a4-41e1-aad9-dec857093532}</UniqueIdentifier>
    </Filter>
  </ItemGroup>
  <ItemGroup>
    <ClCompile Include="main.cpp">
      <Filter>win32</Filter>
    </ClCompile>
    <ClCompile Include="..\Classes\AppDelegate.cpp">
      <Filter>Classes</Filter>
    </ClCompile>
    <ClCompile Include="..\Classes\HelloWorldScene.cpp">
      <Filter>Classes</Filter>
    </ClCompile>
    <ClCompile Include="..\Classes\3rdplatform\platformhelper.cpp">
      <Filter>Classes\3rdplatform</Filter>
    </ClCompile>
    <ClCompile Include="..\Classes\3rdplatform\C2DXShareSDK\C2DXShareSDK.cpp">
      <Filter>Classes\3rdplatform\C2DXShareSDK</Filter>
    </ClCompile>
    <ClCompile Include="..\Classes\3rdplatform\sharesdk.cpp">
      <Filter>Classes\3rdplatform</Filter>
    </ClCompile>
  </ItemGroup>
  <ItemGroup>
    <ClInclude Include="main.h">
      <Filter>win32</Filter>
    </ClInclude>
    <ClInclude Include="..\Classes\AppDelegate.h">
      <Filter>Classes</Filter>
    </ClInclude>
    <ClInclude Include="..\Classes\HelloWorldScene.h">
      <Filter>Classes</Filter>
    </ClInclude>
    <ClInclude Include="..\Classes\3rdplatform\platformhelper.h">
      <Filter>Classes\3rdplatform</Filter>
    </ClInclude>
    <ClInclude Include="..\Classes\3rdplatform\C2DXShareSDK\C2DXShareSDK.h">
      <Filter>Classes\3rdplatform\C2DXShareSDK</Filter>
    </ClInclude>
    <ClInclude Include="..\Classes\3rdplatform\C2DXShareSDK\C2DXShareSDKTypeDef.h">
      <Filter>Classes\3rdplatform\C2DXShareSDK</Filter>
    </ClInclude>
    <ClInclude Include="..\Classes\3rdplatform\sharesdk.h">
      <Filter>Classes\3rdplatform</Filter>
    </ClInclude>
    <ClInclude Include="..\Classes\3rdplatform\shareinterface.h">
      <Filter>Classes\3rdplatform</Filter>
    </ClInclude>
  </ItemGroup>
</Project>