<?xml version="1.0" encoding="utf-8"?>
<Project ToolsVersion="4.0" xmlns="http://schemas.microsoft.com/developer/msbuild/2003">
  <ItemGroup>
    <Filter Include="tolua">
      <UniqueIdentifier>{243d29bc-c49a-4d05-8e2f-2c2f5858928a}</UniqueIdentifier>
    </Filter>
    <Filter Include="cocos2dx_support">
      <UniqueIdentifier>{bbe428ed-e8e5-4e3c-80c9-0e586814b884}</UniqueIdentifier>
    </Filter>
    <Filter Include="luajit">
      <UniqueIdentifier>{948e219e-763e-41d0-bc8d-6421dba8ad70}</UniqueIdentifier>
    </Filter>
    <Filter Include="luajit\include">
      <UniqueIdentifier>{b7025611-420a-4414-b567-f7496eec5f57}</UniqueIdentifier>
    </Filter>
    <Filter Include="xxtea">
      <UniqueIdentifier>{7ef5a711-27f8-41a0-989f-538b7b1f4482}</UniqueIdentifier>
    </Filter>
    <Filter Include="lua_extensions">
      <UniqueIdentifier>{d04a4e4d-3b1b-4715-a51c-327c1598a523}</UniqueIdentifier>
    </Filter>
    <Filter Include="lua_extensions\filesystem">
      <UniqueIdentifier>{32910b26-2afb-465c-9743-f26e0115d27f}</UniqueIdentifier>
    </Filter>
    <Filter Include="lua_extensions\cjson">
      <UniqueIdentifier>{65e22597-c4f1-4097-9268-e5c5bfbfc5bd}</UniqueIdentifier>
    </Filter>
    <Filter Include="lua_extensions\debugger">
      <UniqueIdentifier>{30cb7c7b-e8a5-4b41-9edf-f4f45311a0fc}</UniqueIdentifier>
    </Filter>
    <Filter Include="lua_extensions\lpack">
      <UniqueIdentifier>{7eb7b575-a513-44af-a603-a9081d5d0dcc}</UniqueIdentifier>
    </Filter>
    <Filter Include="lua_extensions\lsqlite3">
      <UniqueIdentifier>{b6565d45-01fa-4fa4-b7e9-83b579622b96}</UniqueIdentifier>
    </Filter>
    <Filter Include="lua_extensions\zlib">
      <UniqueIdentifier>{d042868a-fb4a-447c-b9d0-3f01e5e9b891}</UniqueIdentifier>
    </Filter>
  </ItemGroup>
  <ItemGroup>
    <ClCompile Include="..\tolua\tolua_event.c">
      <Filter>tolua</Filter>
    </ClCompile>
    <ClCompile Include="..\tolua\tolua_is.c">
      <Filter>tolua</Filter>
    </ClCompile>
    <ClCompile Include="..\tolua\tolua_map.c">
      <Filter>tolua</Filter>
    </ClCompile>
    <ClCompile Include="..\tolua\tolua_push.c">
      <Filter>tolua</Filter>
    </ClCompile>
    <ClCompile Include="..\tolua\tolua_to.c">
      <Filter>tolua</Filter>
    </ClCompile>
    <ClCompile Include="..\cocos2dx_support\CCLuaEngine.cpp">
      <Filter>cocos2dx_support</Filter>
    </ClCompile>
    <ClCompile Include="..\cocos2dx_support\Cocos2dxLuaLoader.cpp">
      <Filter>cocos2dx_support</Filter>
    </ClCompile>
    <ClCompile Include="..\cocos2dx_support\LuaCocos2d.cpp">
      <Filter>cocos2dx_support</Filter>
    </ClCompile>
    <ClCompile Include="..\cocos2dx_support\tolua_fix.c">
      <Filter>cocos2dx_support</Filter>
    </ClCompile>
    <ClCompile Include="..\cocos2dx_support\CCLuaBridge.cpp">
      <Filter>cocos2dx_support</Filter>
    </ClCompile>
    <ClCompile Include="..\cocos2dx_support\CCLuaStack.cpp">
      <Filter>cocos2dx_support</Filter>
    </ClCompile>
    <ClCompile Include="..\cocos2dx_support\CCLuaValue.cpp">
      <Filter>cocos2dx_support</Filter>
    </ClCompile>
    <ClCompile Include="..\cocos2dx_support\Lua_extensions_CCB.cpp">
      <Filter>cocos2dx_support</Filter>
    </ClCompile>
    <ClCompile Include="..\cocos2dx_support\CCBProxy.cpp">
      <Filter>cocos2dx_support</Filter>
    </ClCompile>
    <ClCompile Include="..\cocos2dx_support\Lua_web_socket.cpp">
      <Filter>cocos2dx_support</Filter>
    </ClCompile>
    <ClCompile Include="..\cocos2dx_support\lua_cocos2dx_extensions_manual.cpp">
      <Filter>cocos2dx_support</Filter>
    </ClCompile>
    <ClCompile Include="..\cocos2dx_support\lua_cocos2dx_cocostudio_manual.cpp">
      <Filter>cocos2dx_support</Filter>
    </ClCompile>
    <ClCompile Include="..\cocos2dx_support\LuaCocoStudio.cpp">
      <Filter>cocos2dx_support</Filter>
    </ClCompile>
    <ClCompile Include="..\cocos2dx_support\lua_cocos2dx_manual.cpp">
      <Filter>cocos2dx_support</Filter>
    </ClCompile>
    <ClCompile Include="..\xxtea\xxtea.cpp">
      <Filter>xxtea</Filter>
    </ClCompile>
    <ClCompile Include="..\lua_extensions\lua_extensions.c">
      <Filter>lua_extensions</Filter>
    </ClCompile>
    <ClCompile Include="..\lua_extensions\filesystem\lfs.c">
      <Filter>lua_extensions\filesystem</Filter>
    </ClCompile>
    <ClCompile Include="..\lua_extensions\cjson\fpconv.c">
      <Filter>lua_extensions\cjson</Filter>
    </ClCompile>
    <ClCompile Include="..\lua_extensions\cjson\lua_cjson.c">
      <Filter>lua_extensions\cjson</Filter>
    </ClCompile>
    <ClCompile Include="..\lua_extensions\cjson\strbuf.c">
      <Filter>lua_extensions\cjson</Filter>
    </ClCompile>
    <ClCompile Include="..\lua_extensions\debugger\debugger.c">
      <Filter>lua_extensions\debugger</Filter>
    </ClCompile>
    <ClCompile Include="..\lua_extensions\lpack\lpack.c">
      <Filter>lua_extensions\lpack</Filter>
    </ClCompile>
    <ClCompile Include="..\lua_extensions\lsqlite3\lsqlite3.c">
      <Filter>lua_extensions\lsqlite3</Filter>
    </ClCompile>
    <ClCompile Include="..\lua_extensions\lsqlite3\sqlite3.c">
      <Filter>lua_extensions\lsqlite3</Filter>
    </ClCompile>
    <ClCompile Include="..\lua_extensions\zlib\lua_zlib.c">
      <Filter>lua_extensions\zlib</Filter>
    </ClCompile>
  </ItemGroup>
  <ItemGroup>
    <ClInclude Include="..\tolua\tolua++.h">
      <Filter>tolua</Filter>
    </ClInclude>
    <ClInclude Include="..\tolua\tolua_event.h">
      <Filter>tolua</Filter>
    </ClInclude>
    <ClInclude Include="..\cocos2dx_support\CCLuaEngine.h">
      <Filter>cocos2dx_support</Filter>
    </ClInclude>
    <ClInclude Include="..\cocos2dx_support\Cocos2dxLuaLoader.h">
      <Filter>cocos2dx_support</Filter>
    </ClInclude>
    <ClInclude Include="..\cocos2dx_support\LuaCocos2d.h">
      <Filter>cocos2dx_support</Filter>
    </ClInclude>
    <ClInclude Include="..\cocos2dx_support\tolua_fix.h">
      <Filter>cocos2dx_support</Filter>
    </ClInclude>
    <ClInclude Include="..\cocos2dx_support\CCLuaBridge.h">
      <Filter>cocos2dx_support</Filter>
    </ClInclude>
    <ClInclude Include="..\cocos2dx_support\CCLuaStack.h">
      <Filter>cocos2dx_support</Filter>
    </ClInclude>
    <ClInclude Include="..\cocos2dx_support\CCLuaValue.h">
      <Filter>cocos2dx_support</Filter>
    </ClInclude>
    <ClInclude Include="..\luajit\include\lauxlib.h">
      <Filter>luajit\include</Filter>
    </ClInclude>
    <ClInclude Include="..\luajit\include\lua.h">
      <Filter>luajit\include</Filter>
    </ClInclude>
    <ClInclude Include="..\luajit\include\luaconf.h">
      <Filter>luajit\include</Filter>
    </ClInclude>
    <ClInclude Include="..\luajit\include\lualib.h">
      <Filter>luajit\include</Filter>
    </ClInclude>
    <ClInclude Include="..\cocos2dx_support\Lua_extensions_CCB.h">
      <Filter>cocos2dx_support</Filter>
    </ClInclude>
    <ClInclude Include="..\cocos2dx_support\CCBProxy.h">
      <Filter>cocos2dx_support</Filter>
    </ClInclude>
    <ClInclude Include="..\cocos2dx_support\Lua_web_socket.h">
      <Filter>cocos2dx_support</Filter>
    </ClInclude>
    <ClInclude Include="..\cocos2dx_support\lua_cocos2dx_extensions_manual.h">
      <Filter>cocos2dx_support</Filter>
    </ClInclude>
    <ClInclude Include="..\cocos2dx_support\lua_cocos2dx_cocostudio_manual.h">
      <Filter>cocos2dx_support</Filter>
    </ClInclude>
    <ClInclude Include="..\cocos2dx_support\LuaCocoStudio.h">
      <Filter>cocos2dx_support</Filter>
    </ClInclude>
    <ClInclude Include="..\cocos2dx_support\lua_cocos2dx_manual.h">
      <Filter>cocos2dx_support</Filter>
    </ClInclude>
    <ClInclude Include="..\xxtea\xxtea.h">
      <Filter>xxtea</Filter>
    </ClInclude>
    <ClInclude Include="resource.h" />
    <ClInclude Include="..\lua_extensions\lua_extensions.h">
      <Filter>lua_extensions</Filter>
    </ClInclude>
    <ClInclude Include="..\lua_extensions\filesystem\lfs.h">
      <Filter>lua_extensions\filesystem</Filter>
    </ClInclude>
    <ClInclude Include="..\lua_extensions\cjson\fpconv.h">
      <Filter>lua_extensions\cjson</Filter>
    </ClInclude>
    <ClInclude Include="..\lua_extensions\cjson\lua_cjson.h">
      <Filter>lua_extensions\cjson</Filter>
    </ClInclude>
    <ClInclude Include="..\lua_extensions\cjson\strbuf.h">
      <Filter>lua_extensions\cjson</Filter>
    </ClInclude>
    <ClInclude Include="..\lua_extensions\debugger\debugger.h">
      <Filter>lua_extensions\debugger</Filter>
    </ClInclude>
    <ClInclude Include="..\lua_extensions\lpack\lpack.h">
      <Filter>lua_extensions\lpack</Filter>
    </ClInclude>
    <ClInclude Include="..\lua_extensions\lsqlite3\lsqlite3.h">
      <Filter>lua_extensions\lsqlite3</Filter>
    </ClInclude>
    <ClInclude Include="..\lua_extensions\lsqlite3\sqlite3.h">
      <Filter>lua_extensions\lsqlite3</Filter>
    </ClInclude>
    <ClInclude Include="..\lua_extensions\zlib\lua_zlib.h">
      <Filter>lua_extensions\zlib</Filter>
    </ClInclude>
  </ItemGroup>
  <ItemGroup>
    <ResourceCompile Include="liblua.rc" />
  </ItemGroup>
</Project>